
Microsoft Visual Studio Solution File, Format Version 12.00
# Visual Studio 15
VisualStudioVersion = 15.0.26228.4
MinimumVisualStudioVersion = 10.0.40219.1
Project("{FAE04EC0-301F-11D3-BF4B-00C04F79EFBC}") = "XmlDz", "XmlDz\XmlDz.csproj", "{986C581A-28D0-46B7-91C3-50B5A73279DB}"
EndProject
Global
	GlobalSection(SolutionConfigurationPlatforms) = preSolution
		Debug|Any CPU = Debug|Any CPU
		Release|Any CPU = Release|Any CPU
	EndGlobalSection
	GlobalSection(ProjectConfigurationPlatforms) = postSolution
		{986C581A-28D0-46B7-91C3-50B5A73279DB}.Debug|Any CPU.ActiveCfg = Debug|Any CPU
		{986C581A-28D0-46B7-91C3-50B5A73279DB}.Debug|Any CPU.Build.0 = Debug|Any CPU
		{986C581A-28D0-46B7-91C3-50B5A73279DB}.Release|Any CPU.ActiveCfg = Release|Any CPU
		{986C581A-28D0-46B7-91C3-50B5A73279DB}.Release|Any CPU.Build.0 = Release|Any CPU
	EndGlobalSection
	GlobalSection(SolutionProperties) = preSolution
		HideSolutionNode = FALSE
	EndGlobalSection
EndGlobal
